
Microsoft Visual Studio Solution File, Format Version 12.00
# Visual Studio Version 16
VisualStudioVersion = 16.0.30907.101
MinimumVisualStudioVersion = 10.0.40219.1
Project("{FAE04EC0-301F-11D3-BF4B-00C04F79EFBC}") = "MailReader", "MailReader.csproj", "{E6EE1262-1D44-4B68-8AAE-1DC57C435303}"
EndProject
Global
	GlobalSection(SolutionConfigurationPlatforms) = preSolution
		Debug|Any CPU = Debug|Any CPU
		Release|Any CPU = Release|Any CPU
	EndGlobalSection
	GlobalSection(ProjectConfigurationPlatforms) = postSolution
		{E6EE1262-1D44-4B68-8AAE-1DC57C435303}.Debug|Any CPU.ActiveCfg = Debug|Any CPU
		{E6EE1262-1D44-4B68-8AAE-1DC57C435303}.Debug|Any CPU.Build.0 = Debug|Any CPU
		{E6EE1262-1D44-4B68-8AAE-1DC57C435303}.Release|Any CPU.ActiveCfg = Release|Any CPU
		{E6EE1262-1D44-4B68-8AAE-1DC57C435303}.Release|Any CPU.Build.0 = Release|Any CPU
	EndGlobalSection
	GlobalSection(SolutionProperties) = preSolution
		HideSolutionNode = FALSE
	EndGlobalSection
	GlobalSection(ExtensibilityGlobals) = postSolution
		SolutionGuid = {C7BEC1C2-5252-4746-AEAC-9D0694183E78}
	EndGlobalSection
EndGlobal
